
Microsoft Visual Studio Solution File, Format Version 12.00
# Visual Studio Version 17
VisualStudioVersion = 17.0.31903.59
MinimumVisualStudioVersion = 10.0.40219.1
Project("{FAE04EC0-301F-11D3-BF4B-00C04F79EFBC}") = "Core", "Core\Core.csproj", "{20D9DED1-124E-4003-AE8C-050EE3BEA0E4}"
EndProject
Project("{FAE04EC0-301F-11D3-BF4B-00C04F79EFBC}") = "Application", "Application\Application.csproj", "{68457ED6-C82D-4CC8-B544-E92E632DEB31}"
EndProject
Project("{FAE04EC0-301F-11D3-BF4B-00C04F79EFBC}") = "Infrastructure", "Infrastructure\Infrastructure.csproj", "{35A82F4C-B5CB-4D0F-936F-209BBD4A9771}"
EndProject
Project("{FAE04EC0-301F-11D3-BF4B-00C04F79EFBC}") = "Api", "Api\Api.csproj", "{C061B729-7DBD-4524-A548-FE37424341C1}"
EndProject
Project("{2150E333-8FDC-42A3-9474-1A3956D46DE8}") = "Tests", "Tests", "{D20E9789-9F52-40A5-85D4-EAB6A9EE09B5}"
EndProject
Project("{FAE04EC0-301F-11D3-BF4B-00C04F79EFBC}") = "IdentityService.UnitTests", "Tests\IdentityService.UnitTests\IdentityService.UnitTests.csproj", "{9242ACBB-F5F9-4BC4-9BD2-CCD89736F7D7}"
EndProject
Project("{FAE04EC0-301F-11D3-BF4B-00C04F79EFBC}") = "IdentityService.IntegrationTests", "Tests\IdentityService.IntegrationTests\IdentityService.IntegrationTests.csproj", "{638F1699-A8AB-48AD-8FAD-D56D4498EF3A}"
EndProject
Global
	GlobalSection(SolutionConfigurationPlatforms) = preSolution
		Debug|Any CPU = Debug|Any CPU
		Debug|x64 = Debug|x64
		Debug|x86 = Debug|x86
		Release|Any CPU = Release|Any CPU
		Release|x64 = Release|x64
		Release|x86 = Release|x86
	EndGlobalSection
	GlobalSection(ProjectConfigurationPlatforms) = postSolution
		{20D9DED1-124E-4003-AE8C-050EE3BEA0E4}.Debug|Any CPU.ActiveCfg = Debug|Any CPU
		{20D9DED1-124E-4003-AE8C-050EE3BEA0E4}.Debug|Any CPU.Build.0 = Debug|Any CPU
		{20D9DED1-124E-4003-AE8C-050EE3BEA0E4}.Debug|x64.ActiveCfg = Debug|Any CPU
		{20D9DED1-124E-4003-AE8C-050EE3BEA0E4}.Debug|x64.Build.0 = Debug|Any CPU
		{20D9DED1-124E-4003-AE8C-050EE3BEA0E4}.Debug|x86.ActiveCfg = Debug|Any CPU
		{20D9DED1-124E-4003-AE8C-050EE3BEA0E4}.Debug|x86.Build.0 = Debug|Any CPU
		{20D9DED1-124E-4003-AE8C-050EE3BEA0E4}.Release|Any CPU.ActiveCfg = Release|Any CPU
		{20D9DED1-124E-4003-AE8C-050EE3BEA0E4}.Release|Any CPU.Build.0 = Release|Any CPU
		{20D9DED1-124E-4003-AE8C-050EE3BEA0E4}.Release|x64.ActiveCfg = Release|Any CPU
		{20D9DED1-124E-4003-AE8C-050EE3BEA0E4}.Release|x64.Build.0 = Release|Any CPU
		{20D9DED1-124E-4003-AE8C-050EE3BEA0E4}.Release|x86.ActiveCfg = Release|Any CPU
		{20D9DED1-124E-4003-AE8C-050EE3BEA0E4}.Release|x86.Build.0 = Release|Any CPU
		{68457ED6-C82D-4CC8-B544-E92E632DEB31}.Debug|Any CPU.ActiveCfg = Debug|Any CPU
		{68457ED6-C82D-4CC8-B544-E92E632DEB31}.Debug|Any CPU.Build.0 = Debug|Any CPU
		{68457ED6-C82D-4CC8-B544-E92E632DEB31}.Debug|x64.ActiveCfg = Debug|Any CPU
		{68457ED6-C82D-4CC8-B544-E92E632DEB31}.Debug|x64.Build.0 = Debug|Any CPU
		{68457ED6-C82D-4CC8-B544-E92E632DEB31}.Debug|x86.ActiveCfg = Debug|Any CPU
		{68457ED6-C82D-4CC8-B544-E92E632DEB31}.Debug|x86.Build.0 = Debug|Any CPU
		{68457ED6-C82D-4CC8-B544-E92E632DEB31}.Release|Any CPU.ActiveCfg = Release|Any CPU
		{68457ED6-C82D-4CC8-B544-E92E632DEB31}.Release|Any CPU.Build.0 = Release|Any CPU
		{68457ED6-C82D-4CC8-B544-E92E632DEB31}.Release|x64.ActiveCfg = Release|Any CPU
		{68457ED6-C82D-4CC8-B544-E92E632DEB31}.Release|x64.Build.0 = Release|Any CPU
		{68457ED6-C82D-4CC8-B544-E92E632DEB31}.Release|x86.ActiveCfg = Release|Any CPU
		{68457ED6-C82D-4CC8-B544-E92E632DEB31}.Release|x86.Build.0 = Release|Any CPU
		{35A82F4C-B5CB-4D0F-936F-209BBD4A9771}.Debug|Any CPU.ActiveCfg = Debug|Any CPU
		{35A82F4C-B5CB-4D0F-936F-209BBD4A9771}.Debug|Any CPU.Build.0 = Debug|Any CPU
		{35A82F4C-B5CB-4D0F-936F-209BBD4A9771}.Debug|x64.ActiveCfg = Debug|Any CPU
		{35A82F4C-B5CB-4D0F-936F-209BBD4A9771}.Debug|x64.Build.0 = Debug|Any CPU
		{35A82F4C-B5CB-4D0F-936F-209BBD4A9771}.Debug|x86.ActiveCfg = Debug|Any CPU
		{35A82F4C-B5CB-4D0F-936F-209BBD4A9771}.Debug|x86.Build.0 = Debug|Any CPU
		{35A82F4C-B5CB-4D0F-936F-209BBD4A9771}.Release|Any CPU.ActiveCfg = Release|Any CPU
		{35A82F4C-B5CB-4D0F-936F-209BBD4A9771}.Release|Any CPU.Build.0 = Release|Any CPU
		{35A82F4C-B5CB-4D0F-936F-209BBD4A9771}.Release|x64.ActiveCfg = Release|Any CPU
		{35A82F4C-B5CB-4D0F-936F-209BBD4A9771}.Release|x64.Build.0 = Release|Any CPU
		{35A82F4C-B5CB-4D0F-936F-209BBD4A9771}.Release|x86.ActiveCfg = Release|Any CPU
		{35A82F4C-B5CB-4D0F-936F-209BBD4A9771}.Release|x86.Build.0 = Release|Any CPU
		{C061B729-7DBD-4524-A548-FE37424341C1}.Debug|Any CPU.ActiveCfg = Debug|Any CPU
		{C061B729-7DBD-4524-A548-FE37424341C1}.Debug|Any CPU.Build.0 = Debug|Any CPU
		{C061B729-7DBD-4524-A548-FE37424341C1}.Debug|x64.ActiveCfg = Debug|Any CPU
		{C061B729-7DBD-4524-A548-FE37424341C1}.Debug|x64.Build.0 = Debug|Any CPU
		{C061B729-7DBD-4524-A548-FE37424341C1}.Debug|x86.ActiveCfg = Debug|Any CPU
		{C061B729-7DBD-4524-A548-FE37424341C1}.Debug|x86.Build.0 = Debug|Any CPU
		{C061B729-7DBD-4524-A548-FE37424341C1}.Release|Any CPU.ActiveCfg = Release|Any CPU
		{C061B729-7DBD-4524-A548-FE37424341C1}.Release|Any CPU.Build.0 = Release|Any CPU
		{C061B729-7DBD-4524-A548-FE37424341C1}.Release|x64.ActiveCfg = Release|Any CPU
		{C061B729-7DBD-4524-A548-FE37424341C1}.Release|x64.Build.0 = Release|Any CPU
		{C061B729-7DBD-4524-A548-FE37424341C1}.Release|x86.ActiveCfg = Release|Any CPU
		{C061B729-7DBD-4524-A548-FE37424341C1}.Release|x86.Build.0 = Release|Any CPU
		{9242ACBB-F5F9-4BC4-9BD2-CCD89736F7D7}.Debug|Any CPU.ActiveCfg = Debug|Any CPU
		{9242ACBB-F5F9-4BC4-9BD2-CCD89736F7D7}.Debug|Any CPU.Build.0 = Debug|Any CPU
		{9242ACBB-F5F9-4BC4-9BD2-CCD89736F7D7}.Debug|x64.ActiveCfg = Debug|Any CPU
		{9242ACBB-F5F9-4BC4-9BD2-CCD89736F7D7}.Debug|x64.Build.0 = Debug|Any CPU
		{9242ACBB-F5F9-4BC4-9BD2-CCD89736F7D7}.Debug|x86.ActiveCfg = Debug|Any CPU
		{9242ACBB-F5F9-4BC4-9BD2-CCD89736F7D7}.Debug|x86.Build.0 = Debug|Any CPU
		{9242ACBB-F5F9-4BC4-9BD2-CCD89736F7D7}.Release|Any CPU.ActiveCfg = Release|Any CPU
		{9242ACBB-F5F9-4BC4-9BD2-CCD89736F7D7}.Release|Any CPU.Build.0 = Release|Any CPU
		{9242ACBB-F5F9-4BC4-9BD2-CCD89736F7D7}.Release|x64.ActiveCfg = Release|Any CPU
		{9242ACBB-F5F9-4BC4-9BD2-CCD89736F7D7}.Release|x64.Build.0 = Release|Any CPU
		{9242ACBB-F5F9-4BC4-9BD2-CCD89736F7D7}.Release|x86.ActiveCfg = Release|Any CPU
		{9242ACBB-F5F9-4BC4-9BD2-CCD89736F7D7}.Release|x86.Build.0 = Release|Any CPU
		{638F1699-A8AB-48AD-8FAD-D56D4498EF3A}.Debug|Any CPU.ActiveCfg = Debug|Any CPU
		{638F1699-A8AB-48AD-8FAD-D56D4498EF3A}.Debug|Any CPU.Build.0 = Debug|Any CPU
		{638F1699-A8AB-48AD-8FAD-D56D4498EF3A}.Debug|x64.ActiveCfg = Debug|Any CPU
		{638F1699-A8AB-48AD-8FAD-D56D4498EF3A}.Debug|x64.Build.0 = Debug|Any CPU
		{638F1699-A8AB-48AD-8FAD-D56D4498EF3A}.Debug|x86.ActiveCfg = Debug|Any CPU
		{638F1699-A8AB-48AD-8FAD-D56D4498EF3A}.Debug|x86.Build.0 = Debug|Any CPU
		{638F1699-A8AB-48AD-8FAD-D56D4498EF3A}.Release|Any CPU.ActiveCfg = Release|Any CPU
		{638F1699-A8AB-48AD-8FAD-D56D4498EF3A}.Release|Any CPU.Build.0 = Release|Any CPU
		{638F1699-A8AB-48AD-8FAD-D56D4498EF3A}.Release|x64.ActiveCfg = Release|Any CPU
		{638F1699-A8AB-48AD-8FAD-D56D4498EF3A}.Release|x64.Build.0 = Release|Any CPU
		{638F1699-A8AB-48AD-8FAD-D56D4498EF3A}.Release|x86.ActiveCfg = Release|Any CPU
		{638F1699-A8AB-48AD-8FAD-D56D4498EF3A}.Release|x86.Build.0 = Release|Any CPU
	EndGlobalSection
	GlobalSection(SolutionProperties) = preSolution
		HideSolutionNode = FALSE
	EndGlobalSection
	GlobalSection(NestedProjects) = preSolution
		{9242ACBB-F5F9-4BC4-9BD2-CCD89736F7D7} = {D20E9789-9F52-40A5-85D4-EAB6A9EE09B5}
		{638F1699-A8AB-48AD-8FAD-D56D4498EF3A} = {D20E9789-9F52-40A5-85D4-EAB6A9EE09B5}
	EndGlobalSection
EndGlobal
