
Microsoft Visual Studio Solution File, Format Version 12.00
# Visual Studio Version 17
VisualStudioVersion = 17.0.31903.59
MinimumVisualStudioVersion = 10.0.40219.1
Project("{FAE04EC0-301F-11D3-BF4B-00C04F79EFBC}") = "Core", "Core\Core.csproj", "{555D9043-E4DD-4A95-80B4-95BE3AE9CEA5}"
EndProject
Project("{FAE04EC0-301F-11D3-BF4B-00C04F79EFBC}") = "Application", "Application\Application.csproj", "{ECF0F82D-DF1D-42AD-9D88-BA4BEF65E4F5}"
EndProject
Project("{FAE04EC0-301F-11D3-BF4B-00C04F79EFBC}") = "Infrastructure", "Infrastructure\Infrastructure.csproj", "{2F490DD5-9457-499F-8D62-D075DD40309C}"
EndProject
Project("{FAE04EC0-301F-11D3-BF4B-00C04F79EFBC}") = "Api", "Api\Api.csproj", "{AABAC28C-142F-4B37-9154-4E735BC7FFCA}"
EndProject
Project("{2150E333-8FDC-42A3-9474-1A3956D46DE8}") = "Tests", "Tests", "{0AB3BF05-4346-4AA6-1389-037BE0695223}"
EndProject
Project("{FAE04EC0-301F-11D3-BF4B-00C04F79EFBC}") = "IdentityService.IntegrationTests", "Tests\IdentityService.IntegrationTests\IdentityService.IntegrationTests.csproj", "{B93CDA45-D676-4A4A-93B8-7D1164C3C314}"
EndProject
Project("{FAE04EC0-301F-11D3-BF4B-00C04F79EFBC}") = "IdentityService.UnitTests", "Tests\IdentityService.UnitTests\IdentityService.UnitTests.csproj", "{6C393D8C-544F-4C48-AA58-5F40C85A72F9}"
EndProject
Global
	GlobalSection(SolutionConfigurationPlatforms) = preSolution
		Debug|Any CPU = Debug|Any CPU
		Debug|x64 = Debug|x64
		Debug|x86 = Debug|x86
		Release|Any CPU = Release|Any CPU
		Release|x64 = Release|x64
		Release|x86 = Release|x86
	EndGlobalSection
	GlobalSection(ProjectConfigurationPlatforms) = postSolution
		{555D9043-E4DD-4A95-80B4-95BE3AE9CEA5}.Debug|Any CPU.ActiveCfg = Debug|Any CPU
		{555D9043-E4DD-4A95-80B4-95BE3AE9CEA5}.Debug|Any CPU.Build.0 = Debug|Any CPU
		{555D9043-E4DD-4A95-80B4-95BE3AE9CEA5}.Debug|x64.ActiveCfg = Debug|Any CPU
		{555D9043-E4DD-4A95-80B4-95BE3AE9CEA5}.Debug|x64.Build.0 = Debug|Any CPU
		{555D9043-E4DD-4A95-80B4-95BE3AE9CEA5}.Debug|x86.ActiveCfg = Debug|Any CPU
		{555D9043-E4DD-4A95-80B4-95BE3AE9CEA5}.Debug|x86.Build.0 = Debug|Any CPU
		{555D9043-E4DD-4A95-80B4-95BE3AE9CEA5}.Release|Any CPU.ActiveCfg = Release|Any CPU
		{555D9043-E4DD-4A95-80B4-95BE3AE9CEA5}.Release|Any CPU.Build.0 = Release|Any CPU
		{555D9043-E4DD-4A95-80B4-95BE3AE9CEA5}.Release|x64.ActiveCfg = Release|Any CPU
		{555D9043-E4DD-4A95-80B4-95BE3AE9CEA5}.Release|x64.Build.0 = Release|Any CPU
		{555D9043-E4DD-4A95-80B4-95BE3AE9CEA5}.Release|x86.ActiveCfg = Release|Any CPU
		{555D9043-E4DD-4A95-80B4-95BE3AE9CEA5}.Release|x86.Build.0 = Release|Any CPU
		{ECF0F82D-DF1D-42AD-9D88-BA4BEF65E4F5}.Debug|Any CPU.ActiveCfg = Debug|Any CPU
		{ECF0F82D-DF1D-42AD-9D88-BA4BEF65E4F5}.Debug|Any CPU.Build.0 = Debug|Any CPU
		{ECF0F82D-DF1D-42AD-9D88-BA4BEF65E4F5}.Debug|x64.ActiveCfg = Debug|Any CPU
		{ECF0F82D-DF1D-42AD-9D88-BA4BEF65E4F5}.Debug|x64.Build.0 = Debug|Any CPU
		{ECF0F82D-DF1D-42AD-9D88-BA4BEF65E4F5}.Debug|x86.ActiveCfg = Debug|Any CPU
		{ECF0F82D-DF1D-42AD-9D88-BA4BEF65E4F5}.Debug|x86.Build.0 = Debug|Any CPU
		{ECF0F82D-DF1D-42AD-9D88-BA4BEF65E4F5}.Release|Any CPU.ActiveCfg = Release|Any CPU
		{ECF0F82D-DF1D-42AD-9D88-BA4BEF65E4F5}.Release|Any CPU.Build.0 = Release|Any CPU
		{ECF0F82D-DF1D-42AD-9D88-BA4BEF65E4F5}.Release|x64.ActiveCfg = Release|Any CPU
		{ECF0F82D-DF1D-42AD-9D88-BA4BEF65E4F5}.Release|x64.Build.0 = Release|Any CPU
		{ECF0F82D-DF1D-42AD-9D88-BA4BEF65E4F5}.Release|x86.ActiveCfg = Release|Any CPU
		{ECF0F82D-DF1D-42AD-9D88-BA4BEF65E4F5}.Release|x86.Build.0 = Release|Any CPU
		{2F490DD5-9457-499F-8D62-D075DD40309C}.Debug|Any CPU.ActiveCfg = Debug|Any CPU
		{2F490DD5-9457-499F-8D62-D075DD40309C}.Debug|Any CPU.Build.0 = Debug|Any CPU
		{2F490DD5-9457-499F-8D62-D075DD40309C}.Debug|x64.ActiveCfg = Debug|Any CPU
		{2F490DD5-9457-499F-8D62-D075DD40309C}.Debug|x64.Build.0 = Debug|Any CPU
		{2F490DD5-9457-499F-8D62-D075DD40309C}.Debug|x86.ActiveCfg = Debug|Any CPU
		{2F490DD5-9457-499F-8D62-D075DD40309C}.Debug|x86.Build.0 = Debug|Any CPU
		{2F490DD5-9457-499F-8D62-D075DD40309C}.Release|Any CPU.ActiveCfg = Release|Any CPU
		{2F490DD5-9457-499F-8D62-D075DD40309C}.Release|Any CPU.Build.0 = Release|Any CPU
		{2F490DD5-9457-499F-8D62-D075DD40309C}.Release|x64.ActiveCfg = Release|Any CPU
		{2F490DD5-9457-499F-8D62-D075DD40309C}.Release|x64.Build.0 = Release|Any CPU
		{2F490DD5-9457-499F-8D62-D075DD40309C}.Release|x86.ActiveCfg = Release|Any CPU
		{2F490DD5-9457-499F-8D62-D075DD40309C}.Release|x86.Build.0 = Release|Any CPU
		{AABAC28C-142F-4B37-9154-4E735BC7FFCA}.Debug|Any CPU.ActiveCfg = Debug|Any CPU
		{AABAC28C-142F-4B37-9154-4E735BC7FFCA}.Debug|Any CPU.Build.0 = Debug|Any CPU
		{AABAC28C-142F-4B37-9154-4E735BC7FFCA}.Debug|x64.ActiveCfg = Debug|Any CPU
		{AABAC28C-142F-4B37-9154-4E735BC7FFCA}.Debug|x64.Build.0 = Debug|Any CPU
		{AABAC28C-142F-4B37-9154-4E735BC7FFCA}.Debug|x86.ActiveCfg = Debug|Any CPU
		{AABAC28C-142F-4B37-9154-4E735BC7FFCA}.Debug|x86.Build.0 = Debug|Any CPU
		{AABAC28C-142F-4B37-9154-4E735BC7FFCA}.Release|Any CPU.ActiveCfg = Release|Any CPU
		{AABAC28C-142F-4B37-9154-4E735BC7FFCA}.Release|Any CPU.Build.0 = Release|Any CPU
		{AABAC28C-142F-4B37-9154-4E735BC7FFCA}.Release|x64.ActiveCfg = Release|Any CPU
		{AABAC28C-142F-4B37-9154-4E735BC7FFCA}.Release|x64.Build.0 = Release|Any CPU
		{AABAC28C-142F-4B37-9154-4E735BC7FFCA}.Release|x86.ActiveCfg = Release|Any CPU
		{AABAC28C-142F-4B37-9154-4E735BC7FFCA}.Release|x86.Build.0 = Release|Any CPU
		{B93CDA45-D676-4A4A-93B8-7D1164C3C314}.Debug|Any CPU.ActiveCfg = Debug|Any CPU
		{B93CDA45-D676-4A4A-93B8-7D1164C3C314}.Debug|Any CPU.Build.0 = Debug|Any CPU
		{B93CDA45-D676-4A4A-93B8-7D1164C3C314}.Debug|x64.ActiveCfg = Debug|Any CPU
		{B93CDA45-D676-4A4A-93B8-7D1164C3C314}.Debug|x64.Build.0 = Debug|Any CPU
		{B93CDA45-D676-4A4A-93B8-7D1164C3C314}.Debug|x86.ActiveCfg = Debug|Any CPU
		{B93CDA45-D676-4A4A-93B8-7D1164C3C314}.Debug|x86.Build.0 = Debug|Any CPU
		{B93CDA45-D676-4A4A-93B8-7D1164C3C314}.Release|Any CPU.ActiveCfg = Release|Any CPU
		{B93CDA45-D676-4A4A-93B8-7D1164C3C314}.Release|Any CPU.Build.0 = Release|Any CPU
		{B93CDA45-D676-4A4A-93B8-7D1164C3C314}.Release|x64.ActiveCfg = Release|Any CPU
		{B93CDA45-D676-4A4A-93B8-7D1164C3C314}.Release|x64.Build.0 = Release|Any CPU
		{B93CDA45-D676-4A4A-93B8-7D1164C3C314}.Release|x86.ActiveCfg = Release|Any CPU
		{B93CDA45-D676-4A4A-93B8-7D1164C3C314}.Release|x86.Build.0 = Release|Any CPU
		{6C393D8C-544F-4C48-AA58-5F40C85A72F9}.Debug|Any CPU.ActiveCfg = Debug|Any CPU
		{6C393D8C-544F-4C48-AA58-5F40C85A72F9}.Debug|Any CPU.Build.0 = Debug|Any CPU
		{6C393D8C-544F-4C48-AA58-5F40C85A72F9}.Debug|x64.ActiveCfg = Debug|Any CPU
		{6C393D8C-544F-4C48-AA58-5F40C85A72F9}.Debug|x64.Build.0 = Debug|Any CPU
		{6C393D8C-544F-4C48-AA58-5F40C85A72F9}.Debug|x86.ActiveCfg = Debug|Any CPU
		{6C393D8C-544F-4C48-AA58-5F40C85A72F9}.Debug|x86.Build.0 = Debug|Any CPU
		{6C393D8C-544F-4C48-AA58-5F40C85A72F9}.Release|Any CPU.ActiveCfg = Release|Any CPU
		{6C393D8C-544F-4C48-AA58-5F40C85A72F9}.Release|Any CPU.Build.0 = Release|Any CPU
		{6C393D8C-544F-4C48-AA58-5F40C85A72F9}.Release|x64.ActiveCfg = Release|Any CPU
		{6C393D8C-544F-4C48-AA58-5F40C85A72F9}.Release|x64.Build.0 = Release|Any CPU
		{6C393D8C-544F-4C48-AA58-5F40C85A72F9}.Release|x86.ActiveCfg = Release|Any CPU
		{6C393D8C-544F-4C48-AA58-5F40C85A72F9}.Release|x86.Build.0 = Release|Any CPU
	EndGlobalSection
	GlobalSection(SolutionProperties) = preSolution
		HideSolutionNode = FALSE
	EndGlobalSection
	GlobalSection(NestedProjects) = preSolution
		{B93CDA45-D676-4A4A-93B8-7D1164C3C314} = {0AB3BF05-4346-4AA6-1389-037BE0695223}
		{6C393D8C-544F-4C48-AA58-5F40C85A72F9} = {0AB3BF05-4346-4AA6-1389-037BE0695223}
	EndGlobalSection
EndGlobal
